
Microsoft Visual Studio Solution File, Format Version 12.00
# Visual Studio Version 17
VisualStudioVersion = 17.2.32602.215
MinimumVisualStudioVersion = 10.0.40219.1
Project("{9A19103F-16F7-4668-BE54-9A1E7A4F7556}") = "GameStoreAPI", "GameStoreAPI\GameStoreAPI.csproj", "{70CCA5F5-2489-4860-987B-2F029CAA3FFB}"
EndProject
Project("{9A19103F-16F7-4668-BE54-9A1E7A4F7556}") = "GameStoreDAL", "GameStoreDAL\GameStoreDAL.csproj", "{82E8DAC3-7AD9-4B11-A949-F160D46379E2}"
EndProject
Project("{FAE04EC0-301F-11D3-BF4B-00C04F79EFBC}") = "GameStoreBLL", "GameStoreBLL\GameStoreBLL.csproj", "{4BC2545B-9400-4C89-ACC7-FA6AB8B8E97D}"
EndProject
Global
	GlobalSection(SolutionConfigurationPlatforms) = preSolution
		Debug|Any CPU = Debug|Any CPU
		Release|Any CPU = Release|Any CPU
	EndGlobalSection
	GlobalSection(ProjectConfigurationPlatforms) = postSolution
		{70CCA5F5-2489-4860-987B-2F029CAA3FFB}.Debug|Any CPU.ActiveCfg = Debug|Any CPU
		{70CCA5F5-2489-4860-987B-2F029CAA3FFB}.Debug|Any CPU.Build.0 = Debug|Any CPU
		{70CCA5F5-2489-4860-987B-2F029CAA3FFB}.Release|Any CPU.ActiveCfg = Release|Any CPU
		{70CCA5F5-2489-4860-987B-2F029CAA3FFB}.Release|Any CPU.Build.0 = Release|Any CPU
		{82E8DAC3-7AD9-4B11-A949-F160D46379E2}.Debug|Any CPU.ActiveCfg = Debug|Any CPU
		{82E8DAC3-7AD9-4B11-A949-F160D46379E2}.Debug|Any CPU.Build.0 = Debug|Any CPU
		{82E8DAC3-7AD9-4B11-A949-F160D46379E2}.Release|Any CPU.ActiveCfg = Release|Any CPU
		{82E8DAC3-7AD9-4B11-A949-F160D46379E2}.Release|Any CPU.Build.0 = Release|Any CPU
		{4BC2545B-9400-4C89-ACC7-FA6AB8B8E97D}.Debug|Any CPU.ActiveCfg = Debug|Any CPU
		{4BC2545B-9400-4C89-ACC7-FA6AB8B8E97D}.Debug|Any CPU.Build.0 = Debug|Any CPU
		{4BC2545B-9400-4C89-ACC7-FA6AB8B8E97D}.Release|Any CPU.ActiveCfg = Release|Any CPU
		{4BC2545B-9400-4C89-ACC7-FA6AB8B8E97D}.Release|Any CPU.Build.0 = Release|Any CPU
	EndGlobalSection
	GlobalSection(SolutionProperties) = preSolution
		HideSolutionNode = FALSE
	EndGlobalSection
	GlobalSection(ExtensibilityGlobals) = postSolution
		SolutionGuid = {DF06BB79-3F5A-472C-AA25-9AE8D28B38E9}
	EndGlobalSection
EndGlobal
